
Microsoft Visual Studio Solution File, Format Version 12.00
# Visual Studio Version 17
VisualStudioVersion = 17.6.33723.286
MinimumVisualStudioVersion = 10.0.40219.1
Project("{FAE04EC0-301F-11D3-BF4B-00C04F79EFBC}") = "FoodWaste", "FoodWaste\FoodWaste.csproj", "{96E1162D-4B9D-47C9-B479-6688FDB1F962}"
EndProject
Global
	GlobalSection(SolutionConfigurationPlatforms) = preSolution
		Debug|Any CPU = Debug|Any CPU
		Release|Any CPU = Release|Any CPU
	EndGlobalSection
	GlobalSection(ProjectConfigurationPlatforms) = postSolution
		{96E1162D-4B9D-47C9-B479-6688FDB1F962}.Debug|Any CPU.ActiveCfg = Debug|Any CPU
		{96E1162D-4B9D-47C9-B479-6688FDB1F962}.Debug|Any CPU.Build.0 = Debug|Any CPU
		{96E1162D-4B9D-47C9-B479-6688FDB1F962}.Release|Any CPU.ActiveCfg = Release|Any CPU
		{96E1162D-4B9D-47C9-B479-6688FDB1F962}.Release|Any CPU.Build.0 = Release|Any CPU
	EndGlobalSection
	GlobalSection(SolutionProperties) = preSolution
		HideSolutionNode = FALSE
	EndGlobalSection
	GlobalSection(ExtensibilityGlobals) = postSolution
		SolutionGuid = {1692C7A8-A77A-497B-A1FF-6EC4B2B38696}
	EndGlobalSection
EndGlobal
